
Microsoft Visual Studio Solution File, Format Version 12.00
# Visual Studio 2012
Project("{FAE04EC0-301F-11D3-BF4B-00C04F79EFBC}") = "BM.Main", "BM.Main\BM.Main\BM.Main.csproj", "{C037448A-A468-4AF5-A844-2A4B5F6FFB42}"
EndProject
Project("{FAE04EC0-301F-11D3-BF4B-00C04F79EFBC}") = "BM.SkinForm", "BM.SkinForm\BM.SkinForm.csproj", "{3AEBBFC3-D0ED-41F3-B20C-6DFB8C5F14F1}"
EndProject
Project("{FAE04EC0-301F-11D3-BF4B-00C04F79EFBC}") = "BM.BaseUI", "BM.BaseForm\BM.BaseUI.csproj", "{99D5CE57-E5A9-409B-ABEB-6533788A0DC0}"
EndProject
Project("{2150E333-8FDC-42A3-9474-1A3956D46DE8}") = "BM.UI", "BM.UI", "{8A622160-89F8-408A-934F-D96D7F1F459A}"
EndProject
Project("{FAE04EC0-301F-11D3-BF4B-00C04F79EFBC}") = "BM.BLL", "BM.BLL\BM.BLL\BM.BLL.csproj", "{F06C5061-4D1E-4D3C-86D0-CA918CE14F92}"
EndProject
Project("{FAE04EC0-301F-11D3-BF4B-00C04F79EFBC}") = "BM.Moudel", "BM.Moudel\BM.Moudel\BM.Moudel.csproj", "{01FB36FD-B328-44FA-A1D1-47C2D9DDC97E}"
EndProject
Global
	GlobalSection(SolutionConfigurationPlatforms) = preSolution
		Debug|Any CPU = Debug|Any CPU
		Release|Any CPU = Release|Any CPU
	EndGlobalSection
	GlobalSection(ProjectConfigurationPlatforms) = postSolution
		{C037448A-A468-4AF5-A844-2A4B5F6FFB42}.Debug|Any CPU.ActiveCfg = Debug|Any CPU
		{C037448A-A468-4AF5-A844-2A4B5F6FFB42}.Debug|Any CPU.Build.0 = Debug|Any CPU
		{C037448A-A468-4AF5-A844-2A4B5F6FFB42}.Release|Any CPU.ActiveCfg = Release|Any CPU
		{C037448A-A468-4AF5-A844-2A4B5F6FFB42}.Release|Any CPU.Build.0 = Release|Any CPU
		{3AEBBFC3-D0ED-41F3-B20C-6DFB8C5F14F1}.Debug|Any CPU.ActiveCfg = Debug|Any CPU
		{3AEBBFC3-D0ED-41F3-B20C-6DFB8C5F14F1}.Debug|Any CPU.Build.0 = Debug|Any CPU
		{3AEBBFC3-D0ED-41F3-B20C-6DFB8C5F14F1}.Release|Any CPU.ActiveCfg = Release|Any CPU
		{3AEBBFC3-D0ED-41F3-B20C-6DFB8C5F14F1}.Release|Any CPU.Build.0 = Release|Any CPU
		{99D5CE57-E5A9-409B-ABEB-6533788A0DC0}.Debug|Any CPU.ActiveCfg = Debug|Any CPU
		{99D5CE57-E5A9-409B-ABEB-6533788A0DC0}.Debug|Any CPU.Build.0 = Debug|Any CPU
		{99D5CE57-E5A9-409B-ABEB-6533788A0DC0}.Release|Any CPU.ActiveCfg = Release|Any CPU
		{99D5CE57-E5A9-409B-ABEB-6533788A0DC0}.Release|Any CPU.Build.0 = Release|Any CPU
		{F06C5061-4D1E-4D3C-86D0-CA918CE14F92}.Debug|Any CPU.ActiveCfg = Debug|Any CPU
		{F06C5061-4D1E-4D3C-86D0-CA918CE14F92}.Debug|Any CPU.Build.0 = Debug|Any CPU
		{F06C5061-4D1E-4D3C-86D0-CA918CE14F92}.Release|Any CPU.ActiveCfg = Release|Any CPU
		{F06C5061-4D1E-4D3C-86D0-CA918CE14F92}.Release|Any CPU.Build.0 = Release|Any CPU
		{01FB36FD-B328-44FA-A1D1-47C2D9DDC97E}.Debug|Any CPU.ActiveCfg = Debug|Any CPU
		{01FB36FD-B328-44FA-A1D1-47C2D9DDC97E}.Debug|Any CPU.Build.0 = Debug|Any CPU
		{01FB36FD-B328-44FA-A1D1-47C2D9DDC97E}.Release|Any CPU.ActiveCfg = Release|Any CPU
		{01FB36FD-B328-44FA-A1D1-47C2D9DDC97E}.Release|Any CPU.Build.0 = Release|Any CPU
	EndGlobalSection
	GlobalSection(SolutionProperties) = preSolution
		HideSolutionNode = FALSE
	EndGlobalSection
	GlobalSection(NestedProjects) = preSolution
		{99D5CE57-E5A9-409B-ABEB-6533788A0DC0} = {8A622160-89F8-408A-934F-D96D7F1F459A}
		{3AEBBFC3-D0ED-41F3-B20C-6DFB8C5F14F1} = {8A622160-89F8-408A-934F-D96D7F1F459A}
	EndGlobalSection
EndGlobal
